{
  "name": "@definejs/tree",
  "version": "0.1.1",
  "lockfileVersion": 1,
  "requires": true,
  "dependencies": {
    "@definejs/object": {
      "version": "0.1.0",
      "resolved": "https://registry.npmjs.org/@definejs/object/-/object-0.1.0.tgz",
      "integrity": "sha512-v+NfDbKC9wNi8uT6ftwiRtdUj9oywzVUhQQCIkciW8RaSK8pzlxZQNnf8MhWezOAYBiRPZ7twWfZ6DBkpDu+Rw=="
    }
  }
}
